{
  "name": "kid-climber",
  "lockfileVersion": 3,
  "requires": true,
  "packages": {
    "": {
      "dependencies": {
        "oh-my-openagent-windows-x64": "^3.17.15"
      }
    },
    "node_modules/oh-my-openagent-windows-x64": {
      "version": "3.17.15",
      "resolved": "https://registry.npmmirror.com/oh-my-openagent-windows-x64/-/oh-my-openagent-windows-x64-3.17.15.tgz",
      "integrity": "sha512-gNW2rZbM3Jyq/ITRxgTiRBsbI++06vxilSYuGGvBAuz3LBSQ3ELi0z6iu2fuvDF5pjhpCr1cnf1YVes69cbXLg==",
      "cpu": [
        "x64"
      ],
      "license": "MIT",
      "os": [
        "win32"
      ],
      "bin": {
        "oh-my-openagent": "bin/oh-my-opencode.exe"
      }
    }
  }
}
